{
    "_meta": {
        "hash": {
            "sha256": "d39d291bc5bdf317b50259841632091b8d1c615ef05e08fcfc1c454b140a9b0c"
        },
        "pipfile-spec": 6,
        "requires": {
            "python_version": "3.9"
        },
        "sources": [
            {
                "name": "pypi",
                "url": "https://pypi.org/simple",
                "verify_ssl": true
            }
        ]
    },
    "default": {
        "piexif": {
            "hashes": [
                "sha256:3bc435d171720150b81b15d27e05e54b8abbde7b4242cddd81ef160d283108b6",
                "sha256:83cb35c606bf3a1ea1a8f0a25cb42cf17e24353fd82e87ae3884e74a302a5f1b"
            ],
            "index": "pypi",
            "version": "==1.1.3"
        },
        "wand": {
            "hashes": [
                "sha256:540a2da5fb3ada1f0abf6968e0fa01ca7de6cd517f3be5c52d03a4fc8d54d75e",
                "sha256:b752b2c2ee6ce04210da4b2e591013a4d9303fbed3fcbd3fb450930777dcb117"
            ],
            "index": "pypi",
            "version": "==0.6.6"
        }
    },
    "develop": {}
}
