{
    "_meta": {
        "hash": {
            "sha256": "9143b653c020e594b511ecb8fadd06cf920a623e58d63729a46c090bf064434e"
        },
        "pipfile-spec": 6,
        "requires": {
            "python_version": "3.9"
        },
        "sources": [
            {
                "name": "pypi",
                "url": "https://pypi.org/simple",
                "verify_ssl": true
            }
        ]
    },
    "default": {
        "piexif": {
            "hashes": [
                "sha256:3bc435d171720150b81b15d27e05e54b8abbde7b4242cddd81ef160d283108b6",
                "sha256:83cb35c606bf3a1ea1a8f0a25cb42cf17e24353fd82e87ae3884e74a302a5f1b"
            ],
            "index": "pypi",
            "version": "==1.1.3"
        },
        "wand": {
            "hashes": [
                "sha256:5ba497e90741a05ebce4603b04ee843150c566482a753554da54dc57d8503bba",
                "sha256:ebc01bccc25dba68414ab55b482341f9ad2b197d7f49d5e724f339bbf63fb6db"
            ],
            "index": "pypi",
            "version": "==0.6.7"
        }
    },
    "develop": {}
}
